
Microsoft Visual Studio Solution File, Format Version 12.00
# Visual Studio Version 16
VisualStudioVersion = 16.0.31327.30
MinimumVisualStudioVersion = 10.0.40219.1
Project("{FAE04EC0-301F-11D3-BF4B-00C04F79EFBC}") = "ClusterUpgrade2", "ClusterUpgrade2.csproj", "{BE5435AC-228D-45E1-8FE8-86DF2F082637}"
EndProject
Project("{FAE04EC0-301F-11D3-BF4B-00C04F79EFBC}") = "UnitTestProject2", "..\UnitTestProject2\UnitTestProject2.csproj", "{03CCA298-DEEB-4348-A6DB-0402262ACEEE}"
EndProject
Global
	GlobalSection(SolutionConfigurationPlatforms) = preSolution
		Debug|Any CPU = Debug|Any CPU
		Release|Any CPU = Release|Any CPU
	EndGlobalSection
	GlobalSection(ProjectConfigurationPlatforms) = postSolution
		{BE5435AC-228D-45E1-8FE8-86DF2F082637}.Debug|Any CPU.ActiveCfg = Debug|Any CPU
		{BE5435AC-228D-45E1-8FE8-86DF2F082637}.Debug|Any CPU.Build.0 = Debug|Any CPU
		{BE5435AC-228D-45E1-8FE8-86DF2F082637}.Release|Any CPU.ActiveCfg = Release|Any CPU
		{BE5435AC-228D-45E1-8FE8-86DF2F082637}.Release|Any CPU.Build.0 = Release|Any CPU
		{03CCA298-DEEB-4348-A6DB-0402262ACEEE}.Debug|Any CPU.ActiveCfg = Debug|Any CPU
		{03CCA298-DEEB-4348-A6DB-0402262ACEEE}.Debug|Any CPU.Build.0 = Debug|Any CPU
		{03CCA298-DEEB-4348-A6DB-0402262ACEEE}.Release|Any CPU.ActiveCfg = Release|Any CPU
		{03CCA298-DEEB-4348-A6DB-0402262ACEEE}.Release|Any CPU.Build.0 = Release|Any CPU
	EndGlobalSection
	GlobalSection(SolutionProperties) = preSolution
		HideSolutionNode = FALSE
	EndGlobalSection
	GlobalSection(ExtensibilityGlobals) = postSolution
		SolutionGuid = {251461E6-3134-4C09-B030-D9FC02333492}
	EndGlobalSection
EndGlobal
